
Microsoft Visual Studio Solution File, Format Version 12.00
# Visual Studio Version 17
VisualStudioVersion = 17.11.35327.3
MinimumVisualStudioVersion = 10.0.40219.1
Project("{FAE04EC0-301F-11D3-BF4B-00C04F79EFBC}") = "W4_School", "W4_School\W4_School.csproj", "{A8DCE8CD-D54A-419A-BFB4-59A7683C0FC3}"
EndProject
Global
	GlobalSection(SolutionConfigurationPlatforms) = preSolution
		Debug|Any CPU = Debug|Any CPU
		Release|Any CPU = Release|Any CPU
	EndGlobalSection
	GlobalSection(ProjectConfigurationPlatforms) = postSolution
		{A8DCE8CD-D54A-419A-BFB4-59A7683C0FC3}.Debug|Any CPU.ActiveCfg = Debug|Any CPU
		{A8DCE8CD-D54A-419A-BFB4-59A7683C0FC3}.Debug|Any CPU.Build.0 = Debug|Any CPU
		{A8DCE8CD-D54A-419A-BFB4-59A7683C0FC3}.Release|Any CPU.ActiveCfg = Release|Any CPU
		{A8DCE8CD-D54A-419A-BFB4-59A7683C0FC3}.Release|Any CPU.Build.0 = Release|Any CPU
	EndGlobalSection
	GlobalSection(SolutionProperties) = preSolution
		HideSolutionNode = FALSE
	EndGlobalSection
	GlobalSection(ExtensibilityGlobals) = postSolution
		SolutionGuid = {D94BDD03-AD33-410E-8BF1-539F7009A080}
	EndGlobalSection
EndGlobal
